
Microsoft Visual Studio Solution File, Format Version 12.00
# Visual Studio Version 17
VisualStudioVersion = 17.5.33530.505
MinimumVisualStudioVersion = 10.0.40219.1
Project("{FAE04EC0-301F-11D3-BF4B-00C04F79EFBC}") = "Imagens", "Imagens\Imagens.csproj", "{4282FD4E-78C9-4768-AB08-D80C5BF33204}"
EndProject
Global
	GlobalSection(SolutionConfigurationPlatforms) = preSolution
		Debug|Any CPU = Debug|Any CPU
		Release|Any CPU = Release|Any CPU
	EndGlobalSection
	GlobalSection(ProjectConfigurationPlatforms) = postSolution
		{4282FD4E-78C9-4768-AB08-D80C5BF33204}.Debug|Any CPU.ActiveCfg = Debug|Any CPU
		{4282FD4E-78C9-4768-AB08-D80C5BF33204}.Debug|Any CPU.Build.0 = Debug|Any CPU
		{4282FD4E-78C9-4768-AB08-D80C5BF33204}.Release|Any CPU.ActiveCfg = Release|Any CPU
		{4282FD4E-78C9-4768-AB08-D80C5BF33204}.Release|Any CPU.Build.0 = Release|Any CPU
	EndGlobalSection
	GlobalSection(SolutionProperties) = preSolution
		HideSolutionNode = FALSE
	EndGlobalSection
	GlobalSection(ExtensibilityGlobals) = postSolution
		SolutionGuid = {C5B22D7F-6CFC-4F8B-964E-3EF1091F3BE1}
	EndGlobalSection
EndGlobal
